
Microsoft Visual Studio Solution File, Format Version 12.00
# Visual Studio 15
VisualStudioVersion = 15.0.26124.0
MinimumVisualStudioVersion = 15.0.26124.0
Project("{2150E333-8FDC-42A3-9474-1A3956D46DE8}") = "src", "src", "{CC371BD8-D25E-4D00-9C14-20E49913BAF2}"
EndProject
Project("{FAE04EC0-301F-11D3-BF4B-00C04F79EFBC}") = "Isen.DotNet.ConsoleApp", "src\Isen.DotNet.ConsoleApp\Isen.DotNet.ConsoleApp.csproj", "{DEDFC7D3-8A67-4EB0-92FD-47FABBA43291}"
EndProject
Global
	GlobalSection(SolutionConfigurationPlatforms) = preSolution
		Debug|Any CPU = Debug|Any CPU
		Debug|x64 = Debug|x64
		Debug|x86 = Debug|x86
		Release|Any CPU = Release|Any CPU
		Release|x64 = Release|x64
		Release|x86 = Release|x86
	EndGlobalSection
	GlobalSection(SolutionProperties) = preSolution
		HideSolutionNode = FALSE
	EndGlobalSection
	GlobalSection(ProjectConfigurationPlatforms) = postSolution
		{DEDFC7D3-8A67-4EB0-92FD-47FABBA43291}.Debug|Any CPU.ActiveCfg = Debug|Any CPU
		{DEDFC7D3-8A67-4EB0-92FD-47FABBA43291}.Debug|Any CPU.Build.0 = Debug|Any CPU
		{DEDFC7D3-8A67-4EB0-92FD-47FABBA43291}.Debug|x64.ActiveCfg = Debug|Any CPU
		{DEDFC7D3-8A67-4EB0-92FD-47FABBA43291}.Debug|x64.Build.0 = Debug|Any CPU
		{DEDFC7D3-8A67-4EB0-92FD-47FABBA43291}.Debug|x86.ActiveCfg = Debug|Any CPU
		{DEDFC7D3-8A67-4EB0-92FD-47FABBA43291}.Debug|x86.Build.0 = Debug|Any CPU
		{DEDFC7D3-8A67-4EB0-92FD-47FABBA43291}.Release|Any CPU.ActiveCfg = Release|Any CPU
		{DEDFC7D3-8A67-4EB0-92FD-47FABBA43291}.Release|Any CPU.Build.0 = Release|Any CPU
		{DEDFC7D3-8A67-4EB0-92FD-47FABBA43291}.Release|x64.ActiveCfg = Release|Any CPU
		{DEDFC7D3-8A67-4EB0-92FD-47FABBA43291}.Release|x64.Build.0 = Release|Any CPU
		{DEDFC7D3-8A67-4EB0-92FD-47FABBA43291}.Release|x86.ActiveCfg = Release|Any CPU
		{DEDFC7D3-8A67-4EB0-92FD-47FABBA43291}.Release|x86.Build.0 = Release|Any CPU
	EndGlobalSection
	GlobalSection(NestedProjects) = preSolution
		{DEDFC7D3-8A67-4EB0-92FD-47FABBA43291} = {CC371BD8-D25E-4D00-9C14-20E49913BAF2}
	EndGlobalSection
EndGlobal
